
Microsoft Visual Studio Solution File, Format Version 12.00
# Visual Studio Version 16
VisualStudioVersion = 16.0.31624.102
MinimumVisualStudioVersion = 10.0.40219.1
Project("{FAE04EC0-301F-11D3-BF4B-00C04F79EFBC}") = "Locadora-Carro-MySql", "Locadora-Carro-MySql\Locadora-Carro-MySql.csproj", "{FC7C481E-F4DA-49FE-A877-EA142A36EF2C}"
EndProject
Global
	GlobalSection(SolutionConfigurationPlatforms) = preSolution
		Debug|Any CPU = Debug|Any CPU
		Release|Any CPU = Release|Any CPU
	EndGlobalSection
	GlobalSection(ProjectConfigurationPlatforms) = postSolution
		{FC7C481E-F4DA-49FE-A877-EA142A36EF2C}.Debug|Any CPU.ActiveCfg = Debug|Any CPU
		{FC7C481E-F4DA-49FE-A877-EA142A36EF2C}.Debug|Any CPU.Build.0 = Debug|Any CPU
		{FC7C481E-F4DA-49FE-A877-EA142A36EF2C}.Release|Any CPU.ActiveCfg = Release|Any CPU
		{FC7C481E-F4DA-49FE-A877-EA142A36EF2C}.Release|Any CPU.Build.0 = Release|Any CPU
	EndGlobalSection
	GlobalSection(SolutionProperties) = preSolution
		HideSolutionNode = FALSE
	EndGlobalSection
	GlobalSection(ExtensibilityGlobals) = postSolution
		SolutionGuid = {01A0DB71-EA79-4F8D-919B-46796B053049}
	EndGlobalSection
EndGlobal
